
Microsoft Visual Studio Solution File, Format Version 12.00
# Visual Studio Version 17
VisualStudioVersion = 17.9.34616.47
MinimumVisualStudioVersion = 10.0.40219.1
Project("{FAE04EC0-301F-11D3-BF4B-00C04F79EFBC}") = "Module_5", "Module_5\Module_5.csproj", "{8D905117-0177-4A1B-BE01-CB2F00C2ABFA}"
EndProject
Global
	GlobalSection(SolutionConfigurationPlatforms) = preSolution
		Debug|Any CPU = Debug|Any CPU
		Release|Any CPU = Release|Any CPU
	EndGlobalSection
	GlobalSection(ProjectConfigurationPlatforms) = postSolution
		{8D905117-0177-4A1B-BE01-CB2F00C2ABFA}.Debug|Any CPU.ActiveCfg = Debug|Any CPU
		{8D905117-0177-4A1B-BE01-CB2F00C2ABFA}.Debug|Any CPU.Build.0 = Debug|Any CPU
		{8D905117-0177-4A1B-BE01-CB2F00C2ABFA}.Release|Any CPU.ActiveCfg = Release|Any CPU
		{8D905117-0177-4A1B-BE01-CB2F00C2ABFA}.Release|Any CPU.Build.0 = Release|Any CPU
	EndGlobalSection
	GlobalSection(SolutionProperties) = preSolution
		HideSolutionNode = FALSE
	EndGlobalSection
	GlobalSection(ExtensibilityGlobals) = postSolution
		SolutionGuid = {11F4B2C0-6869-4688-ABED-793233FE9D47}
	EndGlobalSection
EndGlobal
